
Microsoft Visual Studio Solution File, Format Version 12.00
# Visual Studio Version 16
VisualStudioVersion = 16.0.30320.27
MinimumVisualStudioVersion = 10.0.40219.1
Project("{F184B08F-C81C-45F6-A57F-5ABD9991F28F}") = "Primeira_Classe", "Primeira_Classe\Primeira_Classe.vbproj", "{D157A59F-B90B-4B0B-A5BD-6F01EADD980D}"
EndProject
Project("{F184B08F-C81C-45F6-A57F-5ABD9991F28F}") = "2 - ByteBank", "2 - ByteBank\2 - ByteBank.vbproj", "{0F8E29D0-DF3C-4366-B783-29FBCC2E24D2}"
EndProject
Global
	GlobalSection(SolutionConfigurationPlatforms) = preSolution
		Debug|Any CPU = Debug|Any CPU
		Release|Any CPU = Release|Any CPU
	EndGlobalSection
	GlobalSection(ProjectConfigurationPlatforms) = postSolution
		{D157A59F-B90B-4B0B-A5BD-6F01EADD980D}.Debug|Any CPU.ActiveCfg = Debug|Any CPU
		{D157A59F-B90B-4B0B-A5BD-6F01EADD980D}.Debug|Any CPU.Build.0 = Debug|Any CPU
		{D157A59F-B90B-4B0B-A5BD-6F01EADD980D}.Release|Any CPU.ActiveCfg = Release|Any CPU
		{D157A59F-B90B-4B0B-A5BD-6F01EADD980D}.Release|Any CPU.Build.0 = Release|Any CPU
		{0F8E29D0-DF3C-4366-B783-29FBCC2E24D2}.Debug|Any CPU.ActiveCfg = Debug|Any CPU
		{0F8E29D0-DF3C-4366-B783-29FBCC2E24D2}.Debug|Any CPU.Build.0 = Debug|Any CPU
		{0F8E29D0-DF3C-4366-B783-29FBCC2E24D2}.Release|Any CPU.ActiveCfg = Release|Any CPU
		{0F8E29D0-DF3C-4366-B783-29FBCC2E24D2}.Release|Any CPU.Build.0 = Release|Any CPU
	EndGlobalSection
	GlobalSection(SolutionProperties) = preSolution
		HideSolutionNode = FALSE
	EndGlobalSection
	GlobalSection(ExtensibilityGlobals) = postSolution
		SolutionGuid = {6CE29445-AE8F-43AD-A3DF-913C08B9DA61}
	EndGlobalSection
EndGlobal
